
Microsoft Visual Studio Solution File, Format Version 12.00
# Visual Studio Version 16
VisualStudioVersion = 16.0.31515.178
MinimumVisualStudioVersion = 10.0.40219.1
Project("{FAE04EC0-301F-11D3-BF4B-00C04F79EFBC}") = "Rover Control Center", "Rover Control Center.csproj", "{DDBBAACF-4721-4558-A453-D69C7AD5D8B4}"
EndProject
Global
	GlobalSection(SolutionConfigurationPlatforms) = preSolution
		Debug|Any CPU = Debug|Any CPU
		Release|Any CPU = Release|Any CPU
	EndGlobalSection
	GlobalSection(ProjectConfigurationPlatforms) = postSolution
		{DDBBAACF-4721-4558-A453-D69C7AD5D8B4}.Debug|Any CPU.ActiveCfg = Debug|Any CPU
		{DDBBAACF-4721-4558-A453-D69C7AD5D8B4}.Debug|Any CPU.Build.0 = Debug|Any CPU
		{DDBBAACF-4721-4558-A453-D69C7AD5D8B4}.Release|Any CPU.ActiveCfg = Release|Any CPU
		{DDBBAACF-4721-4558-A453-D69C7AD5D8B4}.Release|Any CPU.Build.0 = Release|Any CPU
	EndGlobalSection
	GlobalSection(SolutionProperties) = preSolution
		HideSolutionNode = FALSE
	EndGlobalSection
	GlobalSection(ExtensibilityGlobals) = postSolution
		SolutionGuid = {69B91FDC-6CA8-48E7-8826-E1C6FBA42321}
	EndGlobalSection
EndGlobal
